
Microsoft Visual Studio Solution File, Format Version 11.00
# Visual Studio 2010
Project("{FAE04EC0-301F-11D3-BF4B-00C04F79EFBC}") = "Examen", "Examen\Examen.csproj", "{BC2623A9-D880-4BDE-AB5A-ABF71A0DB71D}"
EndProject
Project("{FAE04EC0-301F-11D3-BF4B-00C04F79EFBC}") = "ExamenDAL", "ExamenDAL\ExamenDAL.csproj", "{318E9516-4009-4972-A090-72CC6A83FB1D}"
EndProject
Project("{FAE04EC0-301F-11D3-BF4B-00C04F79EFBC}") = "ExamenBLL", "ExamenBLL\ExamenBLL.csproj", "{30948A5F-8D09-44E9-9737-F9880B4EBAC3}"
EndProject
Global
	GlobalSection(SolutionConfigurationPlatforms) = preSolution
		Debug|Any CPU = Debug|Any CPU
		Release|Any CPU = Release|Any CPU
	EndGlobalSection
	GlobalSection(ProjectConfigurationPlatforms) = postSolution
		{BC2623A9-D880-4BDE-AB5A-ABF71A0DB71D}.Debug|Any CPU.ActiveCfg = Debug|Any CPU
		{BC2623A9-D880-4BDE-AB5A-ABF71A0DB71D}.Debug|Any CPU.Build.0 = Debug|Any CPU
		{BC2623A9-D880-4BDE-AB5A-ABF71A0DB71D}.Release|Any CPU.ActiveCfg = Release|Any CPU
		{BC2623A9-D880-4BDE-AB5A-ABF71A0DB71D}.Release|Any CPU.Build.0 = Release|Any CPU
		{318E9516-4009-4972-A090-72CC6A83FB1D}.Debug|Any CPU.ActiveCfg = Debug|Any CPU
		{318E9516-4009-4972-A090-72CC6A83FB1D}.Debug|Any CPU.Build.0 = Debug|Any CPU
		{318E9516-4009-4972-A090-72CC6A83FB1D}.Release|Any CPU.ActiveCfg = Release|Any CPU
		{318E9516-4009-4972-A090-72CC6A83FB1D}.Release|Any CPU.Build.0 = Release|Any CPU
		{30948A5F-8D09-44E9-9737-F9880B4EBAC3}.Debug|Any CPU.ActiveCfg = Debug|Any CPU
		{30948A5F-8D09-44E9-9737-F9880B4EBAC3}.Debug|Any CPU.Build.0 = Debug|Any CPU
		{30948A5F-8D09-44E9-9737-F9880B4EBAC3}.Release|Any CPU.ActiveCfg = Release|Any CPU
		{30948A5F-8D09-44E9-9737-F9880B4EBAC3}.Release|Any CPU.Build.0 = Release|Any CPU
	EndGlobalSection
	GlobalSection(SolutionProperties) = preSolution
		HideSolutionNode = FALSE
	EndGlobalSection
EndGlobal
